
Microsoft Visual Studio Solution File, Format Version 12.00
Project("{FAE04EC0-301F-11D3-BF4B-00C04F79EFBC}") = "SchemaValidator.HttpService", "src\SchemaValidator.HttpService\SchemaValidator.HttpService.csproj", "{03C53070-0305-4384-B1A0-9B93C25E7D72}"
EndProject
Project("{2150E333-8FDC-42A3-9474-1A3956D46DE8}") = "Solution Items", "Solution Items", "{0E465285-7E69-490E-9E5F-2C831D50B17A}"
	ProjectSection(SolutionItems) = preProject
		docker-compose.yaml = docker-compose.yaml
	EndProjectSection
EndProject
Global
	GlobalSection(SolutionConfigurationPlatforms) = preSolution
		Debug|Any CPU = Debug|Any CPU
		Release|Any CPU = Release|Any CPU
	EndGlobalSection
	GlobalSection(ProjectConfigurationPlatforms) = postSolution
		{03C53070-0305-4384-B1A0-9B93C25E7D72}.Debug|Any CPU.ActiveCfg = Debug|Any CPU
		{03C53070-0305-4384-B1A0-9B93C25E7D72}.Debug|Any CPU.Build.0 = Debug|Any CPU
		{03C53070-0305-4384-B1A0-9B93C25E7D72}.Release|Any CPU.ActiveCfg = Release|Any CPU
		{03C53070-0305-4384-B1A0-9B93C25E7D72}.Release|Any CPU.Build.0 = Release|Any CPU
	EndGlobalSection
	GlobalSection(NestedProjects) = preSolution
	EndGlobalSection
EndGlobal
